
Microsoft Visual Studio Solution File, Format Version 12.00
# Visual Studio 2012
Project("{FAE04EC0-301F-11D3-BF4B-00C04F79EFBC}") = "XamarinAndroidMultiItemListViewDemo", "XamarinAndroidMultiItemListViewDemo\XamarinAndroidMultiItemListViewDemo.csproj", "{4C9602BA-D82D-4ED1-86C6-595DF954803B}"
EndProject
Global
	GlobalSection(SolutionConfigurationPlatforms) = preSolution
		Debug|Any CPU = Debug|Any CPU
		Release|Any CPU = Release|Any CPU
	EndGlobalSection
	GlobalSection(ProjectConfigurationPlatforms) = postSolution
		{4C9602BA-D82D-4ED1-86C6-595DF954803B}.Debug|Any CPU.ActiveCfg = Debug|Any CPU
		{4C9602BA-D82D-4ED1-86C6-595DF954803B}.Debug|Any CPU.Build.0 = Debug|Any CPU
		{4C9602BA-D82D-4ED1-86C6-595DF954803B}.Release|Any CPU.ActiveCfg = Release|Any CPU
		{4C9602BA-D82D-4ED1-86C6-595DF954803B}.Release|Any CPU.Build.0 = Release|Any CPU
	EndGlobalSection
EndGlobal
